
Microsoft Visual Studio Solution File, Format Version 12.00
# Visual Studio 15
VisualStudioVersion = 15.0.35213.121
MinimumVisualStudioVersion = 10.0.40219.1
Project("{FAE04EC0-301F-11D3-BF4B-00C04F79EFBC}") = "Banka Hesabı Sınıfı", "Banka Hesabı Sınıfı\Banka Hesabı Sınıfı.csproj", "{EE0239C2-F104-418C-8987-D16B7E163D45}"
EndProject
Global
	GlobalSection(SolutionConfigurationPlatforms) = preSolution
		Debug|Any CPU = Debug|Any CPU
		Release|Any CPU = Release|Any CPU
	EndGlobalSection
	GlobalSection(ProjectConfigurationPlatforms) = postSolution
		{EE0239C2-F104-418C-8987-D16B7E163D45}.Debug|Any CPU.ActiveCfg = Debug|Any CPU
		{EE0239C2-F104-418C-8987-D16B7E163D45}.Debug|Any CPU.Build.0 = Debug|Any CPU
		{EE0239C2-F104-418C-8987-D16B7E163D45}.Release|Any CPU.ActiveCfg = Release|Any CPU
		{EE0239C2-F104-418C-8987-D16B7E163D45}.Release|Any CPU.Build.0 = Release|Any CPU
	EndGlobalSection
	GlobalSection(SolutionProperties) = preSolution
		HideSolutionNode = FALSE
	EndGlobalSection
	GlobalSection(ExtensibilityGlobals) = postSolution
		SolutionGuid = {D01FAA13-38DC-4E08-8102-A3B8B3FBB850}
	EndGlobalSection
EndGlobal
