
Microsoft Visual Studio Solution File, Format Version 12.00
# Visual Studio 15
VisualStudioVersion = 15.0.35213.121
MinimumVisualStudioVersion = 10.0.40219.1
Project("{FAE04EC0-301F-11D3-BF4B-00C04F79EFBC}") = "ürün sınıfı", "ürün sınıfı\ürün sınıfı.csproj", "{D6626588-6DAA-4A8A-92EE-1E31EB602943}"
EndProject
Global
	GlobalSection(SolutionConfigurationPlatforms) = preSolution
		Debug|Any CPU = Debug|Any CPU
		Release|Any CPU = Release|Any CPU
	EndGlobalSection
	GlobalSection(ProjectConfigurationPlatforms) = postSolution
		{D6626588-6DAA-4A8A-92EE-1E31EB602943}.Debug|Any CPU.ActiveCfg = Debug|Any CPU
		{D6626588-6DAA-4A8A-92EE-1E31EB602943}.Debug|Any CPU.Build.0 = Debug|Any CPU
		{D6626588-6DAA-4A8A-92EE-1E31EB602943}.Release|Any CPU.ActiveCfg = Release|Any CPU
		{D6626588-6DAA-4A8A-92EE-1E31EB602943}.Release|Any CPU.Build.0 = Release|Any CPU
	EndGlobalSection
	GlobalSection(SolutionProperties) = preSolution
		HideSolutionNode = FALSE
	EndGlobalSection
	GlobalSection(ExtensibilityGlobals) = postSolution
		SolutionGuid = {BC2ED081-9B3E-44B8-815D-D555B080100D}
	EndGlobalSection
EndGlobal
